{
  "name": "play-audio",
  "version": "1.0.0",
  "lockfileVersion": 1,
  "requires": true,
  "dependencies": {
    "find-exec": {
      "version": "1.0.0",
      "resolved": "https://registry.npmjs.org/find-exec/-/find-exec-1.0.0.tgz",
      "integrity": "sha1-ZSSc1STeCAUFMdnQuErS7hq3J8k=",
      "requires": {
        "sync-exec": "0.6.2"
      }
    },
    "play-sound": {
      "version": "1.1.2",
      "resolved": "https://registry.npmjs.org/play-sound/-/play-sound-1.1.2.tgz",
      "integrity": "sha1-qsowR2kq9XHA06ncR1pfp8ITIsU=",
      "requires": {
        "find-exec": "1.0.0"
      }
    },
    "sync-exec": {
      "version": "0.6.2",
      "resolved": "https://registry.npmjs.org/sync-exec/-/sync-exec-0.6.2.tgz",
      "integrity": "sha1-cX0izFPwzh3vVZQ2LzqJouu5EQU="
    }
  }
}
